
Microsoft Visual Studio Solution File, Format Version 12.00
# Visual Studio Version 16
VisualStudioVersion = 16.0.31402.337
MinimumVisualStudioVersion = 10.0.40219.1
Project("{FAE04EC0-301F-11D3-BF4B-00C04F79EFBC}") = "ShopListMvc", "ShopListMvc\ShopListMvc.csproj", "{A12CA215-B907-453D-BECD-C9D16C56BEB5}"
EndProject
Global
	GlobalSection(SolutionConfigurationPlatforms) = preSolution
		Debug|Any CPU = Debug|Any CPU
		Release|Any CPU = Release|Any CPU
	EndGlobalSection
	GlobalSection(ProjectConfigurationPlatforms) = postSolution
		{A12CA215-B907-453D-BECD-C9D16C56BEB5}.Debug|Any CPU.ActiveCfg = Debug|Any CPU
		{A12CA215-B907-453D-BECD-C9D16C56BEB5}.Debug|Any CPU.Build.0 = Debug|Any CPU
		{A12CA215-B907-453D-BECD-C9D16C56BEB5}.Release|Any CPU.ActiveCfg = Release|Any CPU
		{A12CA215-B907-453D-BECD-C9D16C56BEB5}.Release|Any CPU.Build.0 = Release|Any CPU
	EndGlobalSection
	GlobalSection(SolutionProperties) = preSolution
		HideSolutionNode = FALSE
	EndGlobalSection
	GlobalSection(ExtensibilityGlobals) = postSolution
		SolutionGuid = {17134038-2C0C-4B8E-B332-B284CC2F7A7B}
	EndGlobalSection
EndGlobal
